
Microsoft Visual Studio Solution File, Format Version 12.00
# Visual Studio 15
VisualStudioVersion = 15.0.27130.2036
MinimumVisualStudioVersion = 10.0.40219.1
Project("{FAE04EC0-301F-11D3-BF4B-00C04F79EFBC}") = "StudentManagement", "StudentManagement\StudentManagement\StudentManagement.csproj", "{7542380E-2F54-40F1-A9E1-CD2075125000}"
EndProject
Project("{FAE04EC0-301F-11D3-BF4B-00C04F79EFBC}") = "StudentManagement.Android", "StudentManagement\StudentManagement.Android\StudentManagement.Android.csproj", "{3BC55EB8-B498-465E-ADFB-7E5036030352}"
EndProject
Project("{FAE04EC0-301F-11D3-BF4B-00C04F79EFBC}") = "StudentManagement.iOS", "StudentManagement\StudentManagement.iOS\StudentManagement.iOS.csproj", "{CE580D38-77F9-468C-AEDB-B42722D859B6}"
EndProject
Project("{FAE04EC0-301F-11D3-BF4B-00C04F79EFBC}") = "StudentManagement.UWP", "StudentManagement\StudentManagement.UWP\StudentManagement.UWP.csproj", "{4F4080FC-AD4B-4191-8977-0E64003B76A3}"
EndProject
Global
	GlobalSection(SolutionConfigurationPlatforms) = preSolution
		Ad-Hoc|Any CPU = Ad-Hoc|Any CPU
		Ad-Hoc|ARM = Ad-Hoc|ARM
		Ad-Hoc|iPhone = Ad-Hoc|iPhone
		Ad-Hoc|iPhoneSimulator = Ad-Hoc|iPhoneSimulator
		Ad-Hoc|x64 = Ad-Hoc|x64
		Ad-Hoc|x86 = Ad-Hoc|x86
		AppStore|Any CPU = AppStore|Any CPU
		AppStore|ARM = AppStore|ARM
		AppStore|iPhone = AppStore|iPhone
		AppStore|iPhoneSimulator = AppStore|iPhoneSimulator
		AppStore|x64 = AppStore|x64
		AppStore|x86 = AppStore|x86
		Debug|Any CPU = Debug|Any CPU
		Debug|ARM = Debug|ARM
		Debug|iPhone = Debug|iPhone
		Debug|iPhoneSimulator = Debug|iPhoneSimulator
		Debug|x64 = Debug|x64
		Debug|x86 = Debug|x86
		Release|Any CPU = Release|Any CPU
		Release|ARM = Release|ARM
		Release|iPhone = Release|iPhone
		Release|iPhoneSimulator = Release|iPhoneSimulator
		Release|x64 = Release|x64
		Release|x86 = Release|x86
	EndGlobalSection
	GlobalSection(ProjectConfigurationPlatforms) = postSolution
		{7542380E-2F54-40F1-A9E1-CD2075125000}.Ad-Hoc|Any CPU.ActiveCfg = Debug|Any CPU
		{7542380E-2F54-40F1-A9E1-CD2075125000}.Ad-Hoc|Any CPU.Build.0 = Debug|Any CPU
		{7542380E-2F54-40F1-A9E1-CD2075125000}.Ad-Hoc|ARM.ActiveCfg = Debug|Any CPU
		{7542380E-2F54-40F1-A9E1-CD2075125000}.Ad-Hoc|ARM.Build.0 = Debug|Any CPU
		{7542380E-2F54-40F1-A9E1-CD2075125000}.Ad-Hoc|iPhone.ActiveCfg = Debug|Any CPU
		{7542380E-2F54-40F1-A9E1-CD2075125000}.Ad-Hoc|iPhone.Build.0 = Debug|Any CPU
		{7542380E-2F54-40F1-A9E1-CD2075125000}.Ad-Hoc|iPhoneSimulator.ActiveCfg = Debug|Any CPU
		{7542380E-2F54-40F1-A9E1-CD2075125000}.Ad-Hoc|iPhoneSimulator.Build.0 = Debug|Any CPU
		{7542380E-2F54-40F1-A9E1-CD2075125000}.Ad-Hoc|x64.ActiveCfg = Debug|Any CPU
		{7542380E-2F54-40F1-A9E1-CD2075125000}.Ad-Hoc|x64.Build.0 = Debug|Any CPU
		{7542380E-2F54-40F1-A9E1-CD2075125000}.Ad-Hoc|x86.ActiveCfg = Debug|Any CPU
		{7542380E-2F54-40F1-A9E1-CD2075125000}.Ad-Hoc|x86.Build.0 = Debug|Any CPU
		{7542380E-2F54-40F1-A9E1-CD2075125000}.AppStore|Any CPU.ActiveCfg = Debug|Any CPU
		{7542380E-2F54-40F1-A9E1-CD2075125000}.AppStore|Any CPU.Build.0 = Debug|Any CPU
		{7542380E-2F54-40F1-A9E1-CD2075125000}.AppStore|ARM.ActiveCfg = Debug|Any CPU
		{7542380E-2F54-40F1-A9E1-CD2075125000}.AppStore|ARM.Build.0 = Debug|Any CPU
		{7542380E-2F54-40F1-A9E1-CD2075125000}.AppStore|iPhone.ActiveCfg = Debug|Any CPU
		{7542380E-2F54-40F1-A9E1-CD2075125000}.AppStore|iPhone.Build.0 = Debug|Any CPU
		{7542380E-2F54-40F1-A9E1-CD2075125000}.AppStore|iPhoneSimulator.ActiveCfg = Debug|Any CPU
		{7542380E-2F54-40F1-A9E1-CD2075125000}.AppStore|iPhoneSimulator.Build.0 = Debug|Any CPU
		{7542380E-2F54-40F1-A9E1-CD2075125000}.AppStore|x64.ActiveCfg = Debug|Any CPU
		{7542380E-2F54-40F1-A9E1-CD2075125000}.AppStore|x64.Build.0 = Debug|Any CPU
		{7542380E-2F54-40F1-A9E1-CD2075125000}.AppStore|x86.ActiveCfg = Debug|Any CPU
		{7542380E-2F54-40F1-A9E1-CD2075125000}.AppStore|x86.Build.0 = Debug|Any CPU
		{7542380E-2F54-40F1-A9E1-CD2075125000}.Debug|Any CPU.ActiveCfg = Debug|Any CPU
		{7542380E-2F54-40F1-A9E1-CD2075125000}.Debug|Any CPU.Build.0 = Debug|Any CPU
		{7542380E-2F54-40F1-A9E1-CD2075125000}.Debug|ARM.ActiveCfg = Debug|Any CPU
		{7542380E-2F54-40F1-A9E1-CD2075125000}.Debug|ARM.Build.0 = Debug|Any CPU
		{7542380E-2F54-40F1-A9E1-CD2075125000}.Debug|iPhone.ActiveCfg = Debug|Any CPU
		{7542380E-2F54-40F1-A9E1-CD2075125000}.Debug|iPhone.Build.0 = Debug|Any CPU
		{7542380E-2F54-40F1-A9E1-CD2075125000}.Debug|iPhoneSimulator.ActiveCfg = Debug|Any CPU
		{7542380E-2F54-40F1-A9E1-CD2075125000}.Debug|iPhoneSimulator.Build.0 = Debug|Any CPU
		{7542380E-2F54-40F1-A9E1-CD2075125000}.Debug|x64.ActiveCfg = Debug|Any CPU
		{7542380E-2F54-40F1-A9E1-CD2075125000}.Debug|x64.Build.0 = Debug|Any CPU
		{7542380E-2F54-40F1-A9E1-CD2075125000}.Debug|x86.ActiveCfg = Debug|Any CPU
		{7542380E-2F54-40F1-A9E1-CD2075125000}.Debug|x86.Build.0 = Debug|Any CPU
		{7542380E-2F54-40F1-A9E1-CD2075125000}.Release|Any CPU.ActiveCfg = Release|Any CPU
		{7542380E-2F54-40F1-A9E1-CD2075125000}.Release|Any CPU.Build.0 = Release|Any CPU
		{7542380E-2F54-40F1-A9E1-CD2075125000}.Release|ARM.ActiveCfg = Release|Any CPU
		{7542380E-2F54-40F1-A9E1-CD2075125000}.Release|ARM.Build.0 = Release|Any CPU
		{7542380E-2F54-40F1-A9E1-CD2075125000}.Release|iPhone.ActiveCfg = Release|Any CPU
		{7542380E-2F54-40F1-A9E1-CD2075125000}.Release|iPhone.Build.0 = Release|Any CPU
		{7542380E-2F54-40F1-A9E1-CD2075125000}.Release|iPhoneSimulator.ActiveCfg = Release|Any CPU
		{7542380E-2F54-40F1-A9E1-CD2075125000}.Release|iPhoneSimulator.Build.0 = Release|Any CPU
		{7542380E-2F54-40F1-A9E1-CD2075125000}.Release|x64.ActiveCfg = Release|Any CPU
		{7542380E-2F54-40F1-A9E1-CD2075125000}.Release|x64.Build.0 = Release|Any CPU
		{7542380E-2F54-40F1-A9E1-CD2075125000}.Release|x86.ActiveCfg = Release|Any CPU
		{7542380E-2F54-40F1-A9E1-CD2075125000}.Release|x86.Build.0 = Release|Any CPU
		{3BC55EB8-B498-465E-ADFB-7E5036030352}.Ad-Hoc|Any CPU.ActiveCfg = Release|Any CPU
		{3BC55EB8-B498-465E-ADFB-7E5036030352}.Ad-Hoc|Any CPU.Build.0 = Release|Any CPU
		{3BC55EB8-B498-465E-ADFB-7E5036030352}.Ad-Hoc|Any CPU.Deploy.0 = Release|Any CPU
		{3BC55EB8-B498-465E-ADFB-7E5036030352}.Ad-Hoc|ARM.ActiveCfg = Release|Any CPU
		{3BC55EB8-B498-465E-ADFB-7E5036030352}.Ad-Hoc|ARM.Build.0 = Release|Any CPU
		{3BC55EB8-B498-465E-ADFB-7E5036030352}.Ad-Hoc|ARM.Deploy.0 = Release|Any CPU
		{3BC55EB8-B498-465E-ADFB-7E5036030352}.Ad-Hoc|iPhone.ActiveCfg = Release|Any CPU
		{3BC55EB8-B498-465E-ADFB-7E5036030352}.Ad-Hoc|iPhone.Build.0 = Release|Any CPU
		{3BC55EB8-B498-465E-ADFB-7E5036030352}.Ad-Hoc|iPhone.Deploy.0 = Release|Any CPU
		{3BC55EB8-B498-465E-ADFB-7E5036030352}.Ad-Hoc|iPhoneSimulator.ActiveCfg = Release|Any CPU
		{3BC55EB8-B498-465E-ADFB-7E5036030352}.Ad-Hoc|iPhoneSimulator.Build.0 = Release|Any CPU
		{3BC55EB8-B498-465E-ADFB-7E5036030352}.Ad-Hoc|iPhoneSimulator.Deploy.0 = Release|Any CPU
		{3BC55EB8-B498-465E-ADFB-7E5036030352}.Ad-Hoc|x64.ActiveCfg = Release|Any CPU
		{3BC55EB8-B498-465E-ADFB-7E5036030352}.Ad-Hoc|x64.Build.0 = Release|Any CPU
		{3BC55EB8-B498-465E-ADFB-7E5036030352}.Ad-Hoc|x64.Deploy.0 = Release|Any CPU
		{3BC55EB8-B498-465E-ADFB-7E5036030352}.Ad-Hoc|x86.ActiveCfg = Release|Any CPU
		{3BC55EB8-B498-465E-ADFB-7E5036030352}.Ad-Hoc|x86.Build.0 = Release|Any CPU
		{3BC55EB8-B498-465E-ADFB-7E5036030352}.Ad-Hoc|x86.Deploy.0 = Release|Any CPU
		{3BC55EB8-B498-465E-ADFB-7E5036030352}.AppStore|Any CPU.ActiveCfg = Release|Any CPU
		{3BC55EB8-B498-465E-ADFB-7E5036030352}.AppStore|Any CPU.Build.0 = Release|Any CPU
		{3BC55EB8-B498-465E-ADFB-7E5036030352}.AppStore|Any CPU.Deploy.0 = Release|Any CPU
		{3BC55EB8-B498-465E-ADFB-7E5036030352}.AppStore|ARM.ActiveCfg = Release|Any CPU
		{3BC55EB8-B498-465E-ADFB-7E5036030352}.AppStore|ARM.Build.0 = Release|Any CPU
		{3BC55EB8-B498-465E-ADFB-7E5036030352}.AppStore|ARM.Deploy.0 = Release|Any CPU
		{3BC55EB8-B498-465E-ADFB-7E5036030352}.AppStore|iPhone.ActiveCfg = Release|Any CPU
		{3BC55EB8-B498-465E-ADFB-7E5036030352}.AppStore|iPhone.Build.0 = Release|Any CPU
		{3BC55EB8-B498-465E-ADFB-7E5036030352}.AppStore|iPhone.Deploy.0 = Release|Any CPU
		{3BC55EB8-B498-465E-ADFB-7E5036030352}.AppStore|iPhoneSimulator.ActiveCfg = Release|Any CPU
		{3BC55EB8-B498-465E-ADFB-7E5036030352}.AppStore|iPhoneSimulator.Build.0 = Release|Any CPU
		{3BC55EB8-B498-465E-ADFB-7E5036030352}.AppStore|iPhoneSimulator.Deploy.0 = Release|Any CPU
		{3BC55EB8-B498-465E-ADFB-7E5036030352}.AppStore|x64.ActiveCfg = Release|Any CPU
		{3BC55EB8-B498-465E-ADFB-7E5036030352}.AppStore|x64.Build.0 = Release|Any CPU
		{3BC55EB8-B498-465E-ADFB-7E5036030352}.AppStore|x64.Deploy.0 = Release|Any CPU
		{3BC55EB8-B498-465E-ADFB-7E5036030352}.AppStore|x86.ActiveCfg = Release|Any CPU
		{3BC55EB8-B498-465E-ADFB-7E5036030352}.AppStore|x86.Build.0 = Release|Any CPU
		{3BC55EB8-B498-465E-ADFB-7E5036030352}.AppStore|x86.Deploy.0 = Release|Any CPU
		{3BC55EB8-B498-465E-ADFB-7E5036030352}.Debug|Any CPU.ActiveCfg = Debug|Any CPU
		{3BC55EB8-B498-465E-ADFB-7E5036030352}.Debug|Any CPU.Build.0 = Debug|Any CPU
		{3BC55EB8-B498-465E-ADFB-7E5036030352}.Debug|Any CPU.Deploy.0 = Debug|Any CPU
		{3BC55EB8-B498-465E-ADFB-7E5036030352}.Debug|ARM.ActiveCfg = Debug|Any CPU
		{3BC55EB8-B498-465E-ADFB-7E5036030352}.Debug|ARM.Build.0 = Debug|Any CPU
		{3BC55EB8-B498-465E-ADFB-7E5036030352}.Debug|ARM.Deploy.0 = Debug|Any CPU
		{3BC55EB8-B498-465E-ADFB-7E5036030352}.Debug|iPhone.ActiveCfg = Debug|Any CPU
		{3BC55EB8-B498-465E-ADFB-7E5036030352}.Debug|iPhone.Build.0 = Debug|Any CPU
		{3BC55EB8-B498-465E-ADFB-7E5036030352}.Debug|iPhone.Deploy.0 = Debug|Any CPU
		{3BC55EB8-B498-465E-ADFB-7E5036030352}.Debug|iPhoneSimulator.ActiveCfg = Debug|Any CPU
		{3BC55EB8-B498-465E-ADFB-7E5036030352}.Debug|iPhoneSimulator.Build.0 = Debug|Any CPU
		{3BC55EB8-B498-465E-ADFB-7E5036030352}.Debug|iPhoneSimulator.Deploy.0 = Debug|Any CPU
		{3BC55EB8-B498-465E-ADFB-7E5036030352}.Debug|x64.ActiveCfg = Debug|Any CPU
		{3BC55EB8-B498-465E-ADFB-7E5036030352}.Debug|x64.Build.0 = Debug|Any CPU
		{3BC55EB8-B498-465E-ADFB-7E5036030352}.Debug|x64.Deploy.0 = Debug|Any CPU
		{3BC55EB8-B498-465E-ADFB-7E5036030352}.Debug|x86.ActiveCfg = Debug|Any CPU
		{3BC55EB8-B498-465E-ADFB-7E5036030352}.Debug|x86.Build.0 = Debug|Any CPU
		{3BC55EB8-B498-465E-ADFB-7E5036030352}.Debug|x86.Deploy.0 = Debug|Any CPU
		{3BC55EB8-B498-465E-ADFB-7E5036030352}.Release|Any CPU.ActiveCfg = Release|Any CPU
		{3BC55EB8-B498-465E-ADFB-7E5036030352}.Release|Any CPU.Build.0 = Release|Any CPU
		{3BC55EB8-B498-465E-ADFB-7E5036030352}.Release|Any CPU.Deploy.0 = Release|Any CPU
		{3BC55EB8-B498-465E-ADFB-7E5036030352}.Release|ARM.ActiveCfg = Release|Any CPU
		{3BC55EB8-B498-465E-ADFB-7E5036030352}.Release|ARM.Build.0 = Release|Any CPU
		{3BC55EB8-B498-465E-ADFB-7E5036030352}.Release|ARM.Deploy.0 = Release|Any CPU
		{3BC55EB8-B498-465E-ADFB-7E5036030352}.Release|iPhone.ActiveCfg = Release|Any CPU
		{3BC55EB8-B498-465E-ADFB-7E5036030352}.Release|iPhone.Build.0 = Release|Any CPU
		{3BC55EB8-B498-465E-ADFB-7E5036030352}.Release|iPhone.Deploy.0 = Release|Any CPU
		{3BC55EB8-B498-465E-ADFB-7E5036030352}.Release|iPhoneSimulator.ActiveCfg = Release|Any CPU
		{3BC55EB8-B498-465E-ADFB-7E5036030352}.Release|iPhoneSimulator.Build.0 = Release|Any CPU
		{3BC55EB8-B498-465E-ADFB-7E5036030352}.Release|iPhoneSimulator.Deploy.0 = Release|Any CPU
		{3BC55EB8-B498-465E-ADFB-7E5036030352}.Release|x64.ActiveCfg = Release|Any CPU
		{3BC55EB8-B498-465E-ADFB-7E5036030352}.Release|x64.Build.0 = Release|Any CPU
		{3BC55EB8-B498-465E-ADFB-7E5036030352}.Release|x64.Deploy.0 = Release|Any CPU
		{3BC55EB8-B498-465E-ADFB-7E5036030352}.Release|x86.ActiveCfg = Release|Any CPU
		{3BC55EB8-B498-465E-ADFB-7E5036030352}.Release|x86.Build.0 = Release|Any CPU
		{3BC55EB8-B498-465E-ADFB-7E5036030352}.Release|x86.Deploy.0 = Release|Any CPU
		{CE580D38-77F9-468C-AEDB-B42722D859B6}.Ad-Hoc|Any CPU.ActiveCfg = Ad-Hoc|iPhone
		{CE580D38-77F9-468C-AEDB-B42722D859B6}.Ad-Hoc|ARM.ActiveCfg = Ad-Hoc|iPhone
		{CE580D38-77F9-468C-AEDB-B42722D859B6}.Ad-Hoc|iPhone.ActiveCfg = Ad-Hoc|iPhone
		{CE580D38-77F9-468C-AEDB-B42722D859B6}.Ad-Hoc|iPhone.Build.0 = Ad-Hoc|iPhone
		{CE580D38-77F9-468C-AEDB-B42722D859B6}.Ad-Hoc|iPhoneSimulator.ActiveCfg = Ad-Hoc|iPhoneSimulator
		{CE580D38-77F9-468C-AEDB-B42722D859B6}.Ad-Hoc|iPhoneSimulator.Build.0 = Ad-Hoc|iPhoneSimulator
		{CE580D38-77F9-468C-AEDB-B42722D859B6}.Ad-Hoc|x64.ActiveCfg = Ad-Hoc|iPhone
		{CE580D38-77F9-468C-AEDB-B42722D859B6}.Ad-Hoc|x86.ActiveCfg = Ad-Hoc|iPhone
		{CE580D38-77F9-468C-AEDB-B42722D859B6}.AppStore|Any CPU.ActiveCfg = AppStore|iPhone
		{CE580D38-77F9-468C-AEDB-B42722D859B6}.AppStore|ARM.ActiveCfg = AppStore|iPhone
		{CE580D38-77F9-468C-AEDB-B42722D859B6}.AppStore|iPhone.ActiveCfg = AppStore|iPhone
		{CE580D38-77F9-468C-AEDB-B42722D859B6}.AppStore|iPhone.Build.0 = AppStore|iPhone
		{CE580D38-77F9-468C-AEDB-B42722D859B6}.AppStore|iPhoneSimulator.ActiveCfg = AppStore|iPhoneSimulator
		{CE580D38-77F9-468C-AEDB-B42722D859B6}.AppStore|iPhoneSimulator.Build.0 = AppStore|iPhoneSimulator
		{CE580D38-77F9-468C-AEDB-B42722D859B6}.AppStore|x64.ActiveCfg = AppStore|iPhone
		{CE580D38-77F9-468C-AEDB-B42722D859B6}.AppStore|x86.ActiveCfg = AppStore|iPhone
		{CE580D38-77F9-468C-AEDB-B42722D859B6}.Debug|Any CPU.ActiveCfg = Debug|iPhone
		{CE580D38-77F9-468C-AEDB-B42722D859B6}.Debug|ARM.ActiveCfg = Debug|iPhone
		{CE580D38-77F9-468C-AEDB-B42722D859B6}.Debug|iPhone.ActiveCfg = Debug|iPhone
		{CE580D38-77F9-468C-AEDB-B42722D859B6}.Debug|iPhone.Build.0 = Debug|iPhone
		{CE580D38-77F9-468C-AEDB-B42722D859B6}.Debug|iPhoneSimulator.ActiveCfg = Debug|iPhoneSimulator
		{CE580D38-77F9-468C-AEDB-B42722D859B6}.Debug|iPhoneSimulator.Build.0 = Debug|iPhoneSimulator
		{CE580D38-77F9-468C-AEDB-B42722D859B6}.Debug|x64.ActiveCfg = Debug|iPhone
		{CE580D38-77F9-468C-AEDB-B42722D859B6}.Debug|x86.ActiveCfg = Debug|iPhone
		{CE580D38-77F9-468C-AEDB-B42722D859B6}.Release|Any CPU.ActiveCfg = Release|iPhone
		{CE580D38-77F9-468C-AEDB-B42722D859B6}.Release|ARM.ActiveCfg = Release|iPhone
		{CE580D38-77F9-468C-AEDB-B42722D859B6}.Release|iPhone.ActiveCfg = Release|iPhone
		{CE580D38-77F9-468C-AEDB-B42722D859B6}.Release|iPhone.Build.0 = Release|iPhone
		{CE580D38-77F9-468C-AEDB-B42722D859B6}.Release|iPhoneSimulator.ActiveCfg = Release|iPhoneSimulator
		{CE580D38-77F9-468C-AEDB-B42722D859B6}.Release|iPhoneSimulator.Build.0 = Release|iPhoneSimulator
		{CE580D38-77F9-468C-AEDB-B42722D859B6}.Release|x64.ActiveCfg = Release|iPhone
		{CE580D38-77F9-468C-AEDB-B42722D859B6}.Release|x86.ActiveCfg = Release|iPhone
		{4F4080FC-AD4B-4191-8977-0E64003B76A3}.Ad-Hoc|Any CPU.ActiveCfg = Release|x86
		{4F4080FC-AD4B-4191-8977-0E64003B76A3}.Ad-Hoc|Any CPU.Build.0 = Release|x86
		{4F4080FC-AD4B-4191-8977-0E64003B76A3}.Ad-Hoc|Any CPU.Deploy.0 = Release|x86
		{4F4080FC-AD4B-4191-8977-0E64003B76A3}.Ad-Hoc|ARM.ActiveCfg = Release|ARM
		{4F4080FC-AD4B-4191-8977-0E64003B76A3}.Ad-Hoc|ARM.Build.0 = Release|ARM
		{4F4080FC-AD4B-4191-8977-0E64003B76A3}.Ad-Hoc|ARM.Deploy.0 = Release|ARM
		{4F4080FC-AD4B-4191-8977-0E64003B76A3}.Ad-Hoc|iPhone.ActiveCfg = Release|x86
		{4F4080FC-AD4B-4191-8977-0E64003B76A3}.Ad-Hoc|iPhone.Build.0 = Release|x86
		{4F4080FC-AD4B-4191-8977-0E64003B76A3}.Ad-Hoc|iPhone.Deploy.0 = Release|x86
		{4F4080FC-AD4B-4191-8977-0E64003B76A3}.Ad-Hoc|iPhoneSimulator.ActiveCfg = Release|x86
		{4F4080FC-AD4B-4191-8977-0E64003B76A3}.Ad-Hoc|iPhoneSimulator.Build.0 = Release|x86
		{4F4080FC-AD4B-4191-8977-0E64003B76A3}.Ad-Hoc|iPhoneSimulator.Deploy.0 = Release|x86
		{4F4080FC-AD4B-4191-8977-0E64003B76A3}.Ad-Hoc|x64.ActiveCfg = Release|x64
		{4F4080FC-AD4B-4191-8977-0E64003B76A3}.Ad-Hoc|x64.Build.0 = Release|x64
		{4F4080FC-AD4B-4191-8977-0E64003B76A3}.Ad-Hoc|x64.Deploy.0 = Release|x64
		{4F4080FC-AD4B-4191-8977-0E64003B76A3}.Ad-Hoc|x86.ActiveCfg = Release|x86
		{4F4080FC-AD4B-4191-8977-0E64003B76A3}.Ad-Hoc|x86.Build.0 = Release|x86
		{4F4080FC-AD4B-4191-8977-0E64003B76A3}.Ad-Hoc|x86.Deploy.0 = Release|x86
		{4F4080FC-AD4B-4191-8977-0E64003B76A3}.AppStore|Any CPU.ActiveCfg = Release|x86
		{4F4080FC-AD4B-4191-8977-0E64003B76A3}.AppStore|Any CPU.Build.0 = Release|x86
		{4F4080FC-AD4B-4191-8977-0E64003B76A3}.AppStore|Any CPU.Deploy.0 = Release|x86
		{4F4080FC-AD4B-4191-8977-0E64003B76A3}.AppStore|ARM.ActiveCfg = Release|ARM
		{4F4080FC-AD4B-4191-8977-0E64003B76A3}.AppStore|ARM.Build.0 = Release|ARM
		{4F4080FC-AD4B-4191-8977-0E64003B76A3}.AppStore|ARM.Deploy.0 = Release|ARM
		{4F4080FC-AD4B-4191-8977-0E64003B76A3}.AppStore|iPhone.ActiveCfg = Release|x86
		{4F4080FC-AD4B-4191-8977-0E64003B76A3}.AppStore|iPhone.Build.0 = Release|x86
		{4F4080FC-AD4B-4191-8977-0E64003B76A3}.AppStore|iPhone.Deploy.0 = Release|x86
		{4F4080FC-AD4B-4191-8977-0E64003B76A3}.AppStore|iPhoneSimulator.ActiveCfg = Release|x86
		{4F4080FC-AD4B-4191-8977-0E64003B76A3}.AppStore|iPhoneSimulator.Build.0 = Release|x86
		{4F4080FC-AD4B-4191-8977-0E64003B76A3}.AppStore|iPhoneSimulator.Deploy.0 = Release|x86
		{4F4080FC-AD4B-4191-8977-0E64003B76A3}.AppStore|x64.ActiveCfg = Release|x64
		{4F4080FC-AD4B-4191-8977-0E64003B76A3}.AppStore|x64.Build.0 = Release|x64
		{4F4080FC-AD4B-4191-8977-0E64003B76A3}.AppStore|x64.Deploy.0 = Release|x64
		{4F4080FC-AD4B-4191-8977-0E64003B76A3}.AppStore|x86.ActiveCfg = Release|x86
		{4F4080FC-AD4B-4191-8977-0E64003B76A3}.AppStore|x86.Build.0 = Release|x86
		{4F4080FC-AD4B-4191-8977-0E64003B76A3}.AppStore|x86.Deploy.0 = Release|x86
		{4F4080FC-AD4B-4191-8977-0E64003B76A3}.Debug|Any CPU.ActiveCfg = Debug|x86
		{4F4080FC-AD4B-4191-8977-0E64003B76A3}.Debug|ARM.ActiveCfg = Debug|ARM
		{4F4080FC-AD4B-4191-8977-0E64003B76A3}.Debug|ARM.Build.0 = Debug|ARM
		{4F4080FC-AD4B-4191-8977-0E64003B76A3}.Debug|ARM.Deploy.0 = Debug|ARM
		{4F4080FC-AD4B-4191-8977-0E64003B76A3}.Debug|iPhone.ActiveCfg = Debug|x86
		{4F4080FC-AD4B-4191-8977-0E64003B76A3}.Debug|iPhoneSimulator.ActiveCfg = Debug|x86
		{4F4080FC-AD4B-4191-8977-0E64003B76A3}.Debug|x64.ActiveCfg = Debug|x64
		{4F4080FC-AD4B-4191-8977-0E64003B76A3}.Debug|x64.Build.0 = Debug|x64
		{4F4080FC-AD4B-4191-8977-0E64003B76A3}.Debug|x64.Deploy.0 = Debug|x64
		{4F4080FC-AD4B-4191-8977-0E64003B76A3}.Debug|x86.ActiveCfg = Debug|x86
		{4F4080FC-AD4B-4191-8977-0E64003B76A3}.Debug|x86.Build.0 = Debug|x86
		{4F4080FC-AD4B-4191-8977-0E64003B76A3}.Debug|x86.Deploy.0 = Debug|x86
		{4F4080FC-AD4B-4191-8977-0E64003B76A3}.Release|Any CPU.ActiveCfg = Release|x86
		{4F4080FC-AD4B-4191-8977-0E64003B76A3}.Release|ARM.ActiveCfg = Release|ARM
		{4F4080FC-AD4B-4191-8977-0E64003B76A3}.Release|ARM.Build.0 = Release|ARM
		{4F4080FC-AD4B-4191-8977-0E64003B76A3}.Release|ARM.Deploy.0 = Release|ARM
		{4F4080FC-AD4B-4191-8977-0E64003B76A3}.Release|iPhone.ActiveCfg = Release|x86
		{4F4080FC-AD4B-4191-8977-0E64003B76A3}.Release|iPhoneSimulator.ActiveCfg = Release|x86
		{4F4080FC-AD4B-4191-8977-0E64003B76A3}.Release|x64.ActiveCfg = Release|x64
		{4F4080FC-AD4B-4191-8977-0E64003B76A3}.Release|x64.Build.0 = Release|x64
		{4F4080FC-AD4B-4191-8977-0E64003B76A3}.Release|x64.Deploy.0 = Release|x64
		{4F4080FC-AD4B-4191-8977-0E64003B76A3}.Release|x86.ActiveCfg = Release|x86
		{4F4080FC-AD4B-4191-8977-0E64003B76A3}.Release|x86.Build.0 = Release|x86
		{4F4080FC-AD4B-4191-8977-0E64003B76A3}.Release|x86.Deploy.0 = Release|x86
	EndGlobalSection
	GlobalSection(SolutionProperties) = preSolution
		HideSolutionNode = FALSE
	EndGlobalSection
	GlobalSection(ExtensibilityGlobals) = postSolution
		SolutionGuid = {E2F42EAC-A68C-44A6-8929-0A1816DCFCE1}
	EndGlobalSection
EndGlobal
